
Microsoft Visual Studio Solution File, Format Version 12.00
# Visual Studio Version 17
VisualStudioVersion = 17.7.34221.43
MinimumVisualStudioVersion = 10.0.40219.1
Project("{FAE04EC0-301F-11D3-BF4B-00C04F79EFBC}") = "CarReservationAPI", "CarReservation\CarReservationAPI.csproj", "{820CD1D8-C105-4FDC-918C-45F237881576}"
EndProject
Project("{FAE04EC0-301F-11D3-BF4B-00C04F79EFBC}") = "CarReservationWorkers", "CarWorker\CarReservationWorkers.csproj", "{CF367836-3457-4617-98B1-4458E2EF1C85}"
EndProject
Project("{FAE04EC0-301F-11D3-BF4B-00C04F79EFBC}") = "CarReservationRepositories", "CarReservationRepositories\CarReservationRepositories.csproj", "{D6EF051C-28FB-4230-94D2-DA4F16B5345A}"
EndProject
Global
	GlobalSection(SolutionConfigurationPlatforms) = preSolution
		Debug|Any CPU = Debug|Any CPU
		Release|Any CPU = Release|Any CPU
	EndGlobalSection
	GlobalSection(ProjectConfigurationPlatforms) = postSolution
		{820CD1D8-C105-4FDC-918C-45F237881576}.Debug|Any CPU.ActiveCfg = Debug|Any CPU
		{820CD1D8-C105-4FDC-918C-45F237881576}.Debug|Any CPU.Build.0 = Debug|Any CPU
		{820CD1D8-C105-4FDC-918C-45F237881576}.Release|Any CPU.ActiveCfg = Release|Any CPU
		{820CD1D8-C105-4FDC-918C-45F237881576}.Release|Any CPU.Build.0 = Release|Any CPU
		{CF367836-3457-4617-98B1-4458E2EF1C85}.Debug|Any CPU.ActiveCfg = Debug|Any CPU
		{CF367836-3457-4617-98B1-4458E2EF1C85}.Debug|Any CPU.Build.0 = Debug|Any CPU
		{CF367836-3457-4617-98B1-4458E2EF1C85}.Release|Any CPU.ActiveCfg = Release|Any CPU
		{CF367836-3457-4617-98B1-4458E2EF1C85}.Release|Any CPU.Build.0 = Release|Any CPU
		{D6EF051C-28FB-4230-94D2-DA4F16B5345A}.Debug|Any CPU.ActiveCfg = Debug|Any CPU
		{D6EF051C-28FB-4230-94D2-DA4F16B5345A}.Debug|Any CPU.Build.0 = Debug|Any CPU
		{D6EF051C-28FB-4230-94D2-DA4F16B5345A}.Release|Any CPU.ActiveCfg = Release|Any CPU
		{D6EF051C-28FB-4230-94D2-DA4F16B5345A}.Release|Any CPU.Build.0 = Release|Any CPU
	EndGlobalSection
	GlobalSection(SolutionProperties) = preSolution
		HideSolutionNode = FALSE
	EndGlobalSection
	GlobalSection(ExtensibilityGlobals) = postSolution
		SolutionGuid = {7090AFD7-0FC2-44B9-8318-C81E33711F31}
	EndGlobalSection
EndGlobal
